
Microsoft Visual Studio Solution File, Format Version 12.00
# Visual Studio Version 17
VisualStudioVersion = 17.2.32516.85
MinimumVisualStudioVersion = 10.0.40219.1
Project("{FAE04EC0-301F-11D3-BF4B-00C04F79EFBC}") = "WindowsFormsApp1", "WindowsFormsApp1\WindowsFormsApp1.csproj", "{AA69D68F-051D-4AB3-9873-D0560C5A3BE6}"
EndProject
Global
	GlobalSection(SolutionConfigurationPlatforms) = preSolution
		Debug|Any CPU = Debug|Any CPU
		Release|Any CPU = Release|Any CPU
	EndGlobalSection
	GlobalSection(ProjectConfigurationPlatforms) = postSolution
		{AA69D68F-051D-4AB3-9873-D0560C5A3BE6}.Debug|Any CPU.ActiveCfg = Debug|Any CPU
		{AA69D68F-051D-4AB3-9873-D0560C5A3BE6}.Debug|Any CPU.Build.0 = Debug|Any CPU
		{AA69D68F-051D-4AB3-9873-D0560C5A3BE6}.Release|Any CPU.ActiveCfg = Release|Any CPU
		{AA69D68F-051D-4AB3-9873-D0560C5A3BE6}.Release|Any CPU.Build.0 = Release|Any CPU
	EndGlobalSection
	GlobalSection(SolutionProperties) = preSolution
		HideSolutionNode = FALSE
	EndGlobalSection
	GlobalSection(ExtensibilityGlobals) = postSolution
		SolutionGuid = {2FB3D874-5FE6-40E0-8D4C-9464444D9855}
	EndGlobalSection
EndGlobal
